
Microsoft Visual Studio Solution File, Format Version 12.00
# Visual Studio Version 17
VisualStudioVersion = 17.3.32804.467
MinimumVisualStudioVersion = 10.0.40219.1
Project("{FAE04EC0-301F-11D3-BF4B-00C04F79EFBC}") = "TallerMecanicoCApp", "TallerMecanicoCApp\TallerMecanicoCApp.csproj", "{C1E8C2CA-D895-46A5-BC69-99A9A69354AD}"
EndProject
Global
	GlobalSection(SolutionConfigurationPlatforms) = preSolution
		Debug|Any CPU = Debug|Any CPU
		Release|Any CPU = Release|Any CPU
	EndGlobalSection
	GlobalSection(ProjectConfigurationPlatforms) = postSolution
		{C1E8C2CA-D895-46A5-BC69-99A9A69354AD}.Debug|Any CPU.ActiveCfg = Debug|Any CPU
		{C1E8C2CA-D895-46A5-BC69-99A9A69354AD}.Debug|Any CPU.Build.0 = Debug|Any CPU
		{C1E8C2CA-D895-46A5-BC69-99A9A69354AD}.Release|Any CPU.ActiveCfg = Release|Any CPU
		{C1E8C2CA-D895-46A5-BC69-99A9A69354AD}.Release|Any CPU.Build.0 = Release|Any CPU
	EndGlobalSection
	GlobalSection(SolutionProperties) = preSolution
		HideSolutionNode = FALSE
	EndGlobalSection
	GlobalSection(ExtensibilityGlobals) = postSolution
		SolutionGuid = {5340C3ED-2964-4174-8408-8C0C108C43AF}
	EndGlobalSection
EndGlobal
